
Microsoft Visual Studio Solution File, Format Version 9.00
# Visual Studio 2005
Project("{FAE04EC0-301F-11D3-BF4B-00C04F79EFBC}") = "BuildProject", "BuildProject\BuildProject.csproj", "{CFA30736-E8D7-4766-86BC-5948EF11CF08}"
EndProject
Global
	GlobalSection(SolutionConfigurationPlatforms) = preSolution
		Debug|Any CPU = Debug|Any CPU
		Debug|x86 = Debug|x86
		Release|Any CPU = Release|Any CPU
		Release|x86 = Release|x86
	EndGlobalSection
	GlobalSection(ProjectConfigurationPlatforms) = postSolution
		{CFA30736-E8D7-4766-86BC-5948EF11CF08}.Debug|Any CPU.ActiveCfg = Release|x86
		{CFA30736-E8D7-4766-86BC-5948EF11CF08}.Debug|Any CPU.Build.0 = Release|x86
		{CFA30736-E8D7-4766-86BC-5948EF11CF08}.Debug|x86.ActiveCfg = Debug|x86
		{CFA30736-E8D7-4766-86BC-5948EF11CF08}.Debug|x86.Build.0 = Debug|x86
		{CFA30736-E8D7-4766-86BC-5948EF11CF08}.Release|Any CPU.ActiveCfg = Release|Any CPU
		{CFA30736-E8D7-4766-86BC-5948EF11CF08}.Release|Any CPU.Build.0 = Release|Any CPU
		{CFA30736-E8D7-4766-86BC-5948EF11CF08}.Release|x86.ActiveCfg = Release|x86
		{CFA30736-E8D7-4766-86BC-5948EF11CF08}.Release|x86.Build.0 = Release|x86
	EndGlobalSection
	GlobalSection(SolutionProperties) = preSolution
		HideSolutionNode = FALSE
	EndGlobalSection
EndGlobal
