
Microsoft Visual Studio Solution File, Format Version 9.00
# Visual Studio 2005
Project("{FAE04EC0-301F-11D3-BF4B-00C04F79EFBC}") = "WCFSimpleService", "WCFSimpleService\WCFSimpleService.csproj", "{1B49F9DC-1736-4E12-BDAA-4DA53BD0195C}"
EndProject
Global
	GlobalSection(SolutionConfigurationPlatforms) = preSolution
		Debug|Any CPU = Debug|Any CPU
		Release|Any CPU = Release|Any CPU
	EndGlobalSection
	GlobalSection(ProjectConfigurationPlatforms) = postSolution
		{1B49F9DC-1736-4E12-BDAA-4DA53BD0195C}.Debug|Any CPU.ActiveCfg = Debug|Any CPU
		{1B49F9DC-1736-4E12-BDAA-4DA53BD0195C}.Debug|Any CPU.Build.0 = Debug|Any CPU
		{1B49F9DC-1736-4E12-BDAA-4DA53BD0195C}.Release|Any CPU.ActiveCfg = Release|Any CPU
		{1B49F9DC-1736-4E12-BDAA-4DA53BD0195C}.Release|Any CPU.Build.0 = Release|Any CPU
	EndGlobalSection
	GlobalSection(SolutionProperties) = preSolution
		HideSolutionNode = FALSE
	EndGlobalSection
EndGlobal
