
Microsoft Visual Studio Solution File, Format Version 10.00
# Visual Studio 2008
Project("{FAE04EC0-301F-11D3-BF4B-00C04F79EFBC}") = "ESXiHelperTestClient", "ESXiHelperTestClient\ESXiHelperTestClient.csproj", "{0B00C813-DC2C-45CD-8EB5-AB666C7534EB}"
EndProject
Global
	GlobalSection(SolutionConfigurationPlatforms) = preSolution
		Debug|Any CPU = Debug|Any CPU
		Release|Any CPU = Release|Any CPU
	EndGlobalSection
	GlobalSection(ProjectConfigurationPlatforms) = postSolution
		{0B00C813-DC2C-45CD-8EB5-AB666C7534EB}.Debug|Any CPU.ActiveCfg = Debug|Any CPU
		{0B00C813-DC2C-45CD-8EB5-AB666C7534EB}.Debug|Any CPU.Build.0 = Debug|Any CPU
		{0B00C813-DC2C-45CD-8EB5-AB666C7534EB}.Release|Any CPU.ActiveCfg = Release|Any CPU
		{0B00C813-DC2C-45CD-8EB5-AB666C7534EB}.Release|Any CPU.Build.0 = Release|Any CPU
	EndGlobalSection
	GlobalSection(SolutionProperties) = preSolution
		HideSolutionNode = FALSE
	EndGlobalSection
EndGlobal
