
Microsoft Visual Studio Solution File, Format Version 12.00
# Visual Studio 2012
Project("{FAE04EC0-301F-11D3-BF4B-00C04F79EFBC}") = "WpfApplication50", "WpfApplication50\WpfApplication50.csproj", "{53068DB5-E481-41A7-A673-F0AE8C00BD7A}"
EndProject
Project("{FAE04EC0-301F-11D3-BF4B-00C04F79EFBC}") = "WpfDXGrid", "WpfDXGrid\WpfDXGrid.csproj", "{7518E6AD-7600-4941-A843-4DD57607BE0B}"
EndProject
Global
	GlobalSection(SolutionConfigurationPlatforms) = preSolution
		Debug|Any CPU = Debug|Any CPU
		Release|Any CPU = Release|Any CPU
	EndGlobalSection
	GlobalSection(ProjectConfigurationPlatforms) = postSolution
		{53068DB5-E481-41A7-A673-F0AE8C00BD7A}.Debug|Any CPU.ActiveCfg = Debug|Any CPU
		{53068DB5-E481-41A7-A673-F0AE8C00BD7A}.Debug|Any CPU.Build.0 = Debug|Any CPU
		{53068DB5-E481-41A7-A673-F0AE8C00BD7A}.Release|Any CPU.ActiveCfg = Release|Any CPU
		{53068DB5-E481-41A7-A673-F0AE8C00BD7A}.Release|Any CPU.Build.0 = Release|Any CPU
		{7518E6AD-7600-4941-A843-4DD57607BE0B}.Debug|Any CPU.ActiveCfg = Debug|Any CPU
		{7518E6AD-7600-4941-A843-4DD57607BE0B}.Debug|Any CPU.Build.0 = Debug|Any CPU
		{7518E6AD-7600-4941-A843-4DD57607BE0B}.Release|Any CPU.ActiveCfg = Release|Any CPU
		{7518E6AD-7600-4941-A843-4DD57607BE0B}.Release|Any CPU.Build.0 = Release|Any CPU
	EndGlobalSection
	GlobalSection(SolutionProperties) = preSolution
		HideSolutionNode = FALSE
	EndGlobalSection
EndGlobal
