
Microsoft Visual Studio Solution File, Format Version 9.00
# Visual Studio 2005
Project("{FAE04EC0-301F-11D3-BF4B-00C04F79EFBC}") = "ESXiClient", "AJMSClient\ESXiClient.csproj", "{475609AF-1E39-4DFB-9EB3-69CA16CB2CAE}"
EndProject
Global
	GlobalSection(SolutionConfigurationPlatforms) = preSolution
		Debug|Any CPU = Debug|Any CPU
		Release|Any CPU = Release|Any CPU
	EndGlobalSection
	GlobalSection(ProjectConfigurationPlatforms) = postSolution
		{475609AF-1E39-4DFB-9EB3-69CA16CB2CAE}.Debug|Any CPU.ActiveCfg = Debug|Any CPU
		{475609AF-1E39-4DFB-9EB3-69CA16CB2CAE}.Debug|Any CPU.Build.0 = Debug|Any CPU
		{475609AF-1E39-4DFB-9EB3-69CA16CB2CAE}.Release|Any CPU.ActiveCfg = Release|Any CPU
		{475609AF-1E39-4DFB-9EB3-69CA16CB2CAE}.Release|Any CPU.Build.0 = Release|Any CPU
	EndGlobalSection
	GlobalSection(SolutionProperties) = preSolution
		HideSolutionNode = FALSE
	EndGlobalSection
EndGlobal
