
Microsoft Visual Studio Solution File, Format Version 9.00
# Visual Studio 2005
Project("{FAE04EC0-301F-11D3-BF4B-00C04F79EFBC}") = "Quest.Tuning.FileTransferClient", "FileTransferClient\Quest.Tuning.FileTransferClient.csproj", "{68073871-D7D1-4D5E-A0CE-D0EBEEBD8269}"
EndProject
Project("{FAE04EC0-301F-11D3-BF4B-00C04F79EFBC}") = "Quest.Tuning.FileTransferCommon", "..\FileTransferService_Solution\FileTransferCommon\Quest.Tuning.FileTransferCommon.csproj", "{B752EA08-9E8E-4140-816B-3661A1CED019}"
EndProject
Global
	GlobalSection(SolutionConfigurationPlatforms) = preSolution
		Debug|Any CPU = Debug|Any CPU
		Release|Any CPU = Release|Any CPU
	EndGlobalSection
	GlobalSection(ProjectConfigurationPlatforms) = postSolution
		{68073871-D7D1-4D5E-A0CE-D0EBEEBD8269}.Debug|Any CPU.ActiveCfg = Debug|Any CPU
		{68073871-D7D1-4D5E-A0CE-D0EBEEBD8269}.Debug|Any CPU.Build.0 = Debug|Any CPU
		{68073871-D7D1-4D5E-A0CE-D0EBEEBD8269}.Release|Any CPU.ActiveCfg = Release|Any CPU
		{68073871-D7D1-4D5E-A0CE-D0EBEEBD8269}.Release|Any CPU.Build.0 = Release|Any CPU
		{B752EA08-9E8E-4140-816B-3661A1CED019}.Debug|Any CPU.ActiveCfg = Debug|Any CPU
		{B752EA08-9E8E-4140-816B-3661A1CED019}.Debug|Any CPU.Build.0 = Debug|Any CPU
		{B752EA08-9E8E-4140-816B-3661A1CED019}.Release|Any CPU.ActiveCfg = Release|Any CPU
		{B752EA08-9E8E-4140-816B-3661A1CED019}.Release|Any CPU.Build.0 = Release|Any CPU
	EndGlobalSection
	GlobalSection(SolutionProperties) = preSolution
		HideSolutionNode = FALSE
	EndGlobalSection
EndGlobal
