
Microsoft Visual Studio Solution File, Format Version 12.00
# Visual Studio 2012
Project("{FAE04EC0-301F-11D3-BF4B-00C04F79EFBC}") = "TestPopup", "WpfApplication21\TestPopup.csproj", "{463A9B25-6EE3-4E43-80B3-CDF1565EF181}"
EndProject
Global
	GlobalSection(SolutionConfigurationPlatforms) = preSolution
		Debug|Any CPU = Debug|Any CPU
		Release|Any CPU = Release|Any CPU
	EndGlobalSection
	GlobalSection(ProjectConfigurationPlatforms) = postSolution
		{463A9B25-6EE3-4E43-80B3-CDF1565EF181}.Debug|Any CPU.ActiveCfg = Debug|Any CPU
		{463A9B25-6EE3-4E43-80B3-CDF1565EF181}.Debug|Any CPU.Build.0 = Debug|Any CPU
		{463A9B25-6EE3-4E43-80B3-CDF1565EF181}.Release|Any CPU.ActiveCfg = Release|Any CPU
		{463A9B25-6EE3-4E43-80B3-CDF1565EF181}.Release|Any CPU.Build.0 = Release|Any CPU
	EndGlobalSection
	GlobalSection(SolutionProperties) = preSolution
		HideSolutionNode = FALSE
	EndGlobalSection
EndGlobal
