
Microsoft Visual Studio Solution File, Format Version 9.00
# Visual Studio 2005
Project("{FAE04EC0-301F-11D3-BF4B-00C04F79EFBC}") = "Quest.Tunning.SelectFile", "ucSelectFile\Quest.Tunning.SelectFile.csproj", "{9A6E04CE-C0D3-4DFD-9FA5-CBC326A3E24F}"
	ProjectSection(WebsiteProperties) = preProject
		Debug.AspNetCompiler.Debug = "True"
		Release.AspNetCompiler.Debug = "False"
	EndProjectSection
EndProject
Global
	GlobalSection(SolutionConfigurationPlatforms) = preSolution
		Debug|Any CPU = Debug|Any CPU
		Release|Any CPU = Release|Any CPU
	EndGlobalSection
	GlobalSection(ProjectConfigurationPlatforms) = postSolution
		{9A6E04CE-C0D3-4DFD-9FA5-CBC326A3E24F}.Debug|Any CPU.ActiveCfg = Debug|Any CPU
		{9A6E04CE-C0D3-4DFD-9FA5-CBC326A3E24F}.Debug|Any CPU.Build.0 = Debug|Any CPU
		{9A6E04CE-C0D3-4DFD-9FA5-CBC326A3E24F}.Release|Any CPU.ActiveCfg = Release|Any CPU
		{9A6E04CE-C0D3-4DFD-9FA5-CBC326A3E24F}.Release|Any CPU.Build.0 = Release|Any CPU
	EndGlobalSection
	GlobalSection(SolutionProperties) = preSolution
		HideSolutionNode = FALSE
	EndGlobalSection
EndGlobal
