
Microsoft Visual Studio Solution File, Format Version 9.00
# Visual Studio 2005
Project("{FAE04EC0-301F-11D3-BF4B-00C04F79EFBC}") = "Common", "Common\Common.csproj", "{D2317E17-EA68-4FAE-B870-7E9B8D43A2EB}"
EndProject
Project("{FAE04EC0-301F-11D3-BF4B-00C04F79EFBC}") = "Main", "Main\Main.csproj", "{9D36F725-7EB3-40EE-9FE6-3FF03F614105}"
EndProject
Project("{FAE04EC0-301F-11D3-BF4B-00C04F79EFBC}") = "ProjectPP", "ProjectPP\ProjectPP.csproj", "{752A6CCE-D522-48B3-B9A8-ADFA2C0E7E33}"
EndProject
Global
	GlobalSection(SolutionConfigurationPlatforms) = preSolution
		Debug|Any CPU = Debug|Any CPU
		Release|Any CPU = Release|Any CPU
	EndGlobalSection
	GlobalSection(ProjectConfigurationPlatforms) = postSolution
		{D2317E17-EA68-4FAE-B870-7E9B8D43A2EB}.Debug|Any CPU.ActiveCfg = Debug|Any CPU
		{D2317E17-EA68-4FAE-B870-7E9B8D43A2EB}.Debug|Any CPU.Build.0 = Debug|Any CPU
		{D2317E17-EA68-4FAE-B870-7E9B8D43A2EB}.Release|Any CPU.ActiveCfg = Release|Any CPU
		{D2317E17-EA68-4FAE-B870-7E9B8D43A2EB}.Release|Any CPU.Build.0 = Release|Any CPU
		{9D36F725-7EB3-40EE-9FE6-3FF03F614105}.Debug|Any CPU.ActiveCfg = Debug|Any CPU
		{9D36F725-7EB3-40EE-9FE6-3FF03F614105}.Debug|Any CPU.Build.0 = Debug|Any CPU
		{9D36F725-7EB3-40EE-9FE6-3FF03F614105}.Release|Any CPU.ActiveCfg = Release|Any CPU
		{9D36F725-7EB3-40EE-9FE6-3FF03F614105}.Release|Any CPU.Build.0 = Release|Any CPU
		{752A6CCE-D522-48B3-B9A8-ADFA2C0E7E33}.Debug|Any CPU.ActiveCfg = Debug|Any CPU
		{752A6CCE-D522-48B3-B9A8-ADFA2C0E7E33}.Debug|Any CPU.Build.0 = Debug|Any CPU
		{752A6CCE-D522-48B3-B9A8-ADFA2C0E7E33}.Release|Any CPU.ActiveCfg = Release|Any CPU
		{752A6CCE-D522-48B3-B9A8-ADFA2C0E7E33}.Release|Any CPU.Build.0 = Release|Any CPU
	EndGlobalSection
	GlobalSection(SolutionProperties) = preSolution
		HideSolutionNode = FALSE
	EndGlobalSection
EndGlobal
