
Microsoft Visual Studio Solution File, Format Version 9.00
# Visual Studio 2005
Project("{FAE04EC0-301F-11D3-BF4B-00C04F79EFBC}") = "ESXiHelperService", "EXSiHelperService\ESXiHelperService.csproj", "{97572DD1-D9DE-4FA5-8E01-90FAA7816F94}"
EndProject
Project("{54435603-DBB4-11D2-8724-00A0C9A8B90C}") = "ESXiHelperServiceSetup", "ESXiHelperServiceSetup\ESXiHelperServiceSetup.vdproj", "{1D1671A5-BA76-4B49-8C23-56CFCAE61048}"
EndProject
Global
	GlobalSection(SolutionConfigurationPlatforms) = preSolution
		Debug|Any CPU = Debug|Any CPU
		Release|Any CPU = Release|Any CPU
	EndGlobalSection
	GlobalSection(ProjectConfigurationPlatforms) = postSolution
		{97572DD1-D9DE-4FA5-8E01-90FAA7816F94}.Debug|Any CPU.ActiveCfg = Debug|Any CPU
		{97572DD1-D9DE-4FA5-8E01-90FAA7816F94}.Debug|Any CPU.Build.0 = Debug|Any CPU
		{97572DD1-D9DE-4FA5-8E01-90FAA7816F94}.Release|Any CPU.ActiveCfg = Release|Any CPU
		{97572DD1-D9DE-4FA5-8E01-90FAA7816F94}.Release|Any CPU.Build.0 = Release|Any CPU
		{1D1671A5-BA76-4B49-8C23-56CFCAE61048}.Debug|Any CPU.ActiveCfg = Debug
		{1D1671A5-BA76-4B49-8C23-56CFCAE61048}.Release|Any CPU.ActiveCfg = Release
	EndGlobalSection
	GlobalSection(SolutionProperties) = preSolution
		HideSolutionNode = FALSE
	EndGlobalSection
EndGlobal
